Microsoft Visual Studio Solution File, Format Version 12.00
Project("{FAE04EC0-301F-11D3-BF4B-00C04F79EFBC}") = "Host", "src\Host\Host.csproj", "{95F86912-7F83-4C6B-B819-DD1359C3D18A}"
EndProject
Project("{FAE04EC0-301F-11D3-BF4B-00C04F79EFBC}") = "ServiceTemplate.Api", "src\\ServiceTemplate.Api\\ServiceTemplate.Api.csproj", "{8D1A4C2E-9A1F-4D2A-8A3D-1E75F7B1B4A1}"
EndProject
Project("{FAE04EC0-301F-11D3-BF4B-00C04F79EFBC}") = "ServiceTemplate.Application", "src\\ServiceTemplate.Application\\ServiceTemplate.Application.csproj", "{7A5D6B8C-8D3E-4D5C-A2B0-5F2A4A7B3C9E}"
EndProject
Project("{FAE04EC0-301F-11D3-BF4B-00C04F79EFBC}") = "ServiceTemplate.Domain", "src\\ServiceTemplate.Domain\\ServiceTemplate.Domain.csproj", "{C0D3A7E8-2B9E-4C7A-9D52-1B2C3D4E5F60}"
EndProject
Project("{FAE04EC0-301F-11D3-BF4B-00C04F79EFBC}") = "ServiceTemplate.Infrastructure", "src\\ServiceTemplate.Infrastructure\\ServiceTemplate.Infrastructure.csproj", "{B1E2C3D4-5F60-4A7B-8C9D-0E1F2A3B4C5D}"
EndProject
Project("{FAE04EC0-301F-11D3-BF4B-00C04F79EFBC}") = "ServiceTemplate.Contracts", "src\\ServiceTemplate.Contracts\\ServiceTemplate.Contracts.csproj", "{A9B8C7D6-E5F4-4321-9ABC-DEF012345678}"
EndProject
Project("{FAE04EC0-301F-11D3-BF4B-00C04F79EFBC}") = "ServiceTemplate.DataContracts", "src\ServiceTemplate.DataContracts\ServiceTemplate.DataContracts.csproj", "{6B0C7D16-EF5A-4931-807F-11320413CA47}"
EndProject
Project("{FAE04EC0-301F-11D3-BF4B-00C04F79EFBC}") = "ServiceTemplate.DataAccess", "src\ServiceTemplate.DataAccess\ServiceTemplate.DataAccess.csproj", "{91A05207-1587-4144-B813-CA86170B601E}"
EndProject
Project("{2150E333-8FDC-42A3-9474-1A3956D46DE8}") = "deployments", "deployments", "{B87C55EB-7D15-4CB0-B3FB-975EE2C6D2BA}"
	ProjectSection(SolutionItems) = preProject
		.github\workflows\caprover-push-example.yml = .github\workflows\caprover-push-example.yml
		.github\workflows\build-and-test.yml = .github\workflows\build-and-test.yml
	EndProjectSection
EndProject
Project("{2150E333-8FDC-42A3-9474-1A3956D46DE8}") = "src", "src", "{F9CA6E71-EB83-4B94-ACDF-6AA846F9CDE1}"
	ProjectSection(SolutionItems) = preProject
		.gitignore = .gitignore
	EndProjectSection
EndProject
Project("{2150E333-8FDC-42A3-9474-1A3956D46DE8}") = "external files", "external files", "{E02D85B7-7BE3-4FBB-806E-44CEE184DAE3}"
	ProjectSection(SolutionItems) = preProject
		README.md = README.md
		Dockerfile = Dockerfile
		.dockerignore = .dockerignore
	EndProjectSection
EndProject
Project("{2150E333-8FDC-42A3-9474-1A3956D46DE8}") = "docs", "docs", "{1930D2C0-E0AA-42FB-808B-3492B992E112}"
	ProjectSection(SolutionItems) = preProject
		docs\Rename script.md = docs\Rename script.md
	EndProjectSection
EndProject
Global
	GlobalSection(SolutionConfigurationPlatforms) = preSolution
		Debug|Any CPU = Debug|Any CPU
		Release|Any CPU = Release|Any CPU
	EndGlobalSection
	GlobalSection(ProjectConfigurationPlatforms) = postSolution
		{95F86912-7F83-4C6B-B819-DD1359C3D18A}.Debug|Any CPU.ActiveCfg = Debug|Any CPU
		{95F86912-7F83-4C6B-B819-DD1359C3D18A}.Debug|Any CPU.Build.0 = Debug|Any CPU
		{95F86912-7F83-4C6B-B819-DD1359C3D18A}.Release|Any CPU.ActiveCfg = Release|Any CPU
		{95F86912-7F83-4C6B-B819-DD1359C3D18A}.Release|Any CPU.Build.0 = Release|Any CPU
		{6B0C7D16-EF5A-4931-807F-11320413CA47}.Debug|Any CPU.ActiveCfg = Debug|Any CPU
		{6B0C7D16-EF5A-4931-807F-11320413CA47}.Debug|Any CPU.Build.0 = Debug|Any CPU
		{6B0C7D16-EF5A-4931-807F-11320413CA47}.Release|Any CPU.ActiveCfg = Release|Any CPU
		{6B0C7D16-EF5A-4931-807F-11320413CA47}.Release|Any CPU.Build.0 = Release|Any CPU
		{91A05207-1587-4144-B813-CA86170B601E}.Debug|Any CPU.ActiveCfg = Debug|Any CPU
		{91A05207-1587-4144-B813-CA86170B601E}.Debug|Any CPU.Build.0 = Debug|Any CPU
		{91A05207-1587-4144-B813-CA86170B601E}.Release|Any CPU.ActiveCfg = Release|Any CPU
		{91A05207-1587-4144-B813-CA86170B601E}.Release|Any CPU.Build.0 = Release|Any CPU
		{8D1A4C2E-9A1F-4D2A-8A3D-1E75F7B1B4A1}.Debug|Any CPU.ActiveCfg = Debug|Any CPU
		{8D1A4C2E-9A1F-4D2A-8A3D-1E75F7B1B4A1}.Debug|Any CPU.Build.0 = Debug|Any CPU
		{8D1A4C2E-9A1F-4D2A-8A3D-1E75F7B1B4A1}.Release|Any CPU.ActiveCfg = Release|Any CPU
		{8D1A4C2E-9A1F-4D2A-8A3D-1E75F7B1B4A1}.Release|Any CPU.Build.0 = Release|Any CPU
		{7A5D6B8C-8D3E-4D5C-A2B0-5F2A4A7B3C9E}.Debug|Any CPU.ActiveCfg = Debug|Any CPU
		{7A5D6B8C-8D3E-4D5C-A2B0-5F2A4A7B3C9E}.Debug|Any CPU.Build.0 = Debug|Any CPU
		{7A5D6B8C-8D3E-4D5C-A2B0-5F2A4A7B3C9E}.Release|Any CPU.ActiveCfg = Release|Any CPU
		{7A5D6B8C-8D3E-4D5C-A2B0-5F2A4A7B3C9E}.Release|Any CPU.Build.0 = Release|Any CPU
		{C0D3A7E8-2B9E-4C7A-9D52-1B2C3D4E5F60}.Debug|Any CPU.ActiveCfg = Debug|Any CPU
		{C0D3A7E8-2B9E-4C7A-9D52-1B2C3D4E5F60}.Debug|Any CPU.Build.0 = Debug|Any CPU
		{C0D3A7E8-2B9E-4C7A-9D52-1B2C3D4E5F60}.Release|Any CPU.ActiveCfg = Release|Any CPU
		{C0D3A7E8-2B9E-4C7A-9D52-1B2C3D4E5F60}.Release|Any CPU.Build.0 = Release|Any CPU
		{B1E2C3D4-5F60-4A7B-8C9D-0E1F2A3B4C5D}.Debug|Any CPU.ActiveCfg = Debug|Any CPU
		{B1E2C3D4-5F60-4A7B-8C9D-0E1F2A3B4C5D}.Debug|Any CPU.Build.0 = Debug|Any CPU
		{B1E2C3D4-5F60-4A7B-8C9D-0E1F2A3B4C5D}.Release|Any CPU.ActiveCfg = Release|Any CPU
		{B1E2C3D4-5F60-4A7B-8C9D-0E1F2A3B4C5D}.Release|Any CPU.Build.0 = Release|Any CPU
		{A9B8C7D6-E5F4-4321-9ABC-DEF012345678}.Debug|Any CPU.ActiveCfg = Debug|Any CPU
		{A9B8C7D6-E5F4-4321-9ABC-DEF012345678}.Debug|Any CPU.Build.0 = Debug|Any CPU
		{A9B8C7D6-E5F4-4321-9ABC-DEF012345678}.Release|Any CPU.ActiveCfg = Release|Any CPU
		{A9B8C7D6-E5F4-4321-9ABC-DEF012345678}.Release|Any CPU.Build.0 = Release|Any CPU
	EndGlobalSection
	GlobalSection(NestedProjects) = preSolution
		{95F86912-7F83-4C6B-B819-DD1359C3D18A} = {F9CA6E71-EB83-4B94-ACDF-6AA846F9CDE1}
		{91A05207-1587-4144-B813-CA86170B601E} = {F9CA6E71-EB83-4B94-ACDF-6AA846F9CDE1}
		{6B0C7D16-EF5A-4931-807F-11320413CA47} = {F9CA6E71-EB83-4B94-ACDF-6AA846F9CDE1}
		{8D1A4C2E-9A1F-4D2A-8A3D-1E75F7B1B4A1} = {F9CA6E71-EB83-4B94-ACDF-6AA846F9CDE1}
		{7A5D6B8C-8D3E-4D5C-A2B0-5F2A4A7B3C9E} = {F9CA6E71-EB83-4B94-ACDF-6AA846F9CDE1}
		{C0D3A7E8-2B9E-4C7A-9D52-1B2C3D4E5F60} = {F9CA6E71-EB83-4B94-ACDF-6AA846F9CDE1}
		{B1E2C3D4-5F60-4A7B-8C9D-0E1F2A3B4C5D} = {F9CA6E71-EB83-4B94-ACDF-6AA846F9CDE1}
		{A9B8C7D6-E5F4-4321-9ABC-DEF012345678} = {F9CA6E71-EB83-4B94-ACDF-6AA846F9CDE1}
		{1930D2C0-E0AA-42FB-808B-3492B992E112} = {E02D85B7-7BE3-4FBB-806E-44CEE184DAE3}
	EndGlobalSection
EndGlobal
